
Microsoft Visual Studio Solution File, Format Version 12.00
# Visual Studio Version 17
VisualStudioVersion = 17.0.31903.59
MinimumVisualStudioVersion = 10.0.40219.1
Project("{FAE04EC0-301F-11D3-BF4B-00C04F79EFBC}") = "HRManagement.Core", "..\HRManagement.Core\HRManagement.Core.csproj", "{1A4691C8-70CE-488B-A2C0-7FD174D2E910}"
EndProject
Project("{FAE04EC0-301F-11D3-BF4B-00C04F79EFBC}") = "HRManagement.Application", "..\HRManagement.Application\HRManagement.Application.csproj", "{F0CCAB55-26AF-4317-9BC5-102C851BE447}"
EndProject
Project("{FAE04EC0-301F-11D3-BF4B-00C04F79EFBC}") = "HRManagement.Infrastructure", "..\HRManagement.Infrastructure\HRManagement.Infrastructure.csproj", "{948D3167-79F5-4C65-948D-0EB444594422}"
EndProject
Global
	GlobalSection(SolutionConfigurationPlatforms) = preSolution
		Debug|Any CPU = Debug|Any CPU
		Release|Any CPU = Release|Any CPU
	EndGlobalSection
	GlobalSection(SolutionProperties) = preSolution
		HideSolutionNode = FALSE
	EndGlobalSection
	GlobalSection(ProjectConfigurationPlatforms) = postSolution
		{1A4691C8-70CE-488B-A2C0-7FD174D2E910}.Debug|Any CPU.ActiveCfg = Debug|Any CPU
		{1A4691C8-70CE-488B-A2C0-7FD174D2E910}.Debug|Any CPU.Build.0 = Debug|Any CPU
		{1A4691C8-70CE-488B-A2C0-7FD174D2E910}.Release|Any CPU.ActiveCfg = Release|Any CPU
		{1A4691C8-70CE-488B-A2C0-7FD174D2E910}.Release|Any CPU.Build.0 = Release|Any CPU
		{F0CCAB55-26AF-4317-9BC5-102C851BE447}.Debug|Any CPU.ActiveCfg = Debug|Any CPU
		{F0CCAB55-26AF-4317-9BC5-102C851BE447}.Debug|Any CPU.Build.0 = Debug|Any CPU
		{F0CCAB55-26AF-4317-9BC5-102C851BE447}.Release|Any CPU.ActiveCfg = Release|Any CPU
		{F0CCAB55-26AF-4317-9BC5-102C851BE447}.Release|Any CPU.Build.0 = Release|Any CPU
		{948D3167-79F5-4C65-948D-0EB444594422}.Debug|Any CPU.ActiveCfg = Debug|Any CPU
		{948D3167-79F5-4C65-948D-0EB444594422}.Debug|Any CPU.Build.0 = Debug|Any CPU
		{948D3167-79F5-4C65-948D-0EB444594422}.Release|Any CPU.ActiveCfg = Release|Any CPU
		{948D3167-79F5-4C65-948D-0EB444594422}.Release|Any CPU.Build.0 = Release|Any CPU
	EndGlobalSection
EndGlobal
